
Microsoft Visual Studio Solution File, Format Version 12.00
# Visual Studio Version 16
VisualStudioVersion = 16.0.30907.101
MinimumVisualStudioVersion = 10.0.40219.1
Project("{FAE04EC0-301F-11D3-BF4B-00C04F79EFBC}") = "Utility", "Utility\Utility.csproj", "{7D895622-A464-4A51-8CA6-7D708E84843B}"
EndProject
Global
	GlobalSection(SolutionConfigurationPlatforms) = preSolution
		Debug|Any CPU = Debug|Any CPU
		Release|Any CPU = Release|Any CPU
	EndGlobalSection
	GlobalSection(ProjectConfigurationPlatforms) = postSolution
		{7D895622-A464-4A51-8CA6-7D708E84843B}.Debug|Any CPU.ActiveCfg = Debug|Any CPU
		{7D895622-A464-4A51-8CA6-7D708E84843B}.Debug|Any CPU.Build.0 = Debug|Any CPU
		{7D895622-A464-4A51-8CA6-7D708E84843B}.Release|Any CPU.ActiveCfg = Release|Any CPU
		{7D895622-A464-4A51-8CA6-7D708E84843B}.Release|Any CPU.Build.0 = Release|Any CPU
	EndGlobalSection
	GlobalSection(SolutionProperties) = preSolution
		HideSolutionNode = FALSE
	EndGlobalSection
	GlobalSection(ExtensibilityGlobals) = postSolution
		SolutionGuid = {5ECDDE39-9D43-48AB-BA6B-1F9E10314386}
	EndGlobalSection
EndGlobal
